
Microsoft Visual Studio Solution File, Format Version 11.00
# Visual Studio 2010
Project("{FAE04EC0-301F-11D3-BF4B-00C04F79EFBC}") = "MajorMudX", "MajorMudX\MajorMudX.csproj", "{E1E31542-7F2D-4903-8A9F-1631A98B4134}"
EndProject
Project("{FAE04EC0-301F-11D3-BF4B-00C04F79EFBC}") = "MajorMudX.Core", "MajorMudX.Core\MajorMudX.Core.csproj", "{8E5A247C-DC58-470E-9C90-818F881F1EC5}"
EndProject
Project("{FAE04EC0-301F-11D3-BF4B-00C04F79EFBC}") = "MajorMudX.UI", "MajorMudX.UI\MajorMudX.UI.csproj", "{FC2C0CDB-1F33-4E2E-A499-080953061E89}"
EndProject
Project("{FAE04EC0-301F-11D3-BF4B-00C04F79EFBC}") = "TestDeploy.Web", "TestDeploy.Web\TestDeploy.Web.csproj", "{1E1A6A8F-8353-47DD-8A08-6247DBC9577F}"
EndProject
Global
	GlobalSection(SubversionScc) = preSolution
		Svn-Managed = True
		Manager = AnkhSVN - Subversion Support for Visual Studio
	EndGlobalSection
	GlobalSection(SolutionConfigurationPlatforms) = preSolution
		Debug|Any CPU = Debug|Any CPU
		Release|Any CPU = Release|Any CPU
	EndGlobalSection
	GlobalSection(ProjectConfigurationPlatforms) = postSolution
		{E1E31542-7F2D-4903-8A9F-1631A98B4134}.Debug|Any CPU.ActiveCfg = Debug|Any CPU
		{E1E31542-7F2D-4903-8A9F-1631A98B4134}.Debug|Any CPU.Build.0 = Debug|Any CPU
		{E1E31542-7F2D-4903-8A9F-1631A98B4134}.Release|Any CPU.ActiveCfg = Release|Any CPU
		{E1E31542-7F2D-4903-8A9F-1631A98B4134}.Release|Any CPU.Build.0 = Release|Any CPU
		{8E5A247C-DC58-470E-9C90-818F881F1EC5}.Debug|Any CPU.ActiveCfg = Debug|Any CPU
		{8E5A247C-DC58-470E-9C90-818F881F1EC5}.Debug|Any CPU.Build.0 = Debug|Any CPU
		{8E5A247C-DC58-470E-9C90-818F881F1EC5}.Release|Any CPU.ActiveCfg = Release|Any CPU
		{8E5A247C-DC58-470E-9C90-818F881F1EC5}.Release|Any CPU.Build.0 = Release|Any CPU
		{FC2C0CDB-1F33-4E2E-A499-080953061E89}.Debug|Any CPU.ActiveCfg = Debug|Any CPU
		{FC2C0CDB-1F33-4E2E-A499-080953061E89}.Debug|Any CPU.Build.0 = Debug|Any CPU
		{FC2C0CDB-1F33-4E2E-A499-080953061E89}.Release|Any CPU.ActiveCfg = Release|Any CPU
		{FC2C0CDB-1F33-4E2E-A499-080953061E89}.Release|Any CPU.Build.0 = Release|Any CPU
		{1E1A6A8F-8353-47DD-8A08-6247DBC9577F}.Debug|Any CPU.ActiveCfg = Debug|Any CPU
		{1E1A6A8F-8353-47DD-8A08-6247DBC9577F}.Debug|Any CPU.Build.0 = Debug|Any CPU
		{1E1A6A8F-8353-47DD-8A08-6247DBC9577F}.Release|Any CPU.ActiveCfg = Release|Any CPU
		{1E1A6A8F-8353-47DD-8A08-6247DBC9577F}.Release|Any CPU.Build.0 = Release|Any CPU
	EndGlobalSection
	GlobalSection(SolutionProperties) = preSolution
		HideSolutionNode = FALSE
	EndGlobalSection
EndGlobal
